
Microsoft Visual Studio Solution File, Format Version 12.00
# Visual Studio Version 17
VisualStudioVersion = 17.1.32414.318
MinimumVisualStudioVersion = 10.0.40219.1
Project("{FAE04EC0-301F-11D3-BF4B-00C04F79EFBC}") = "TrackerLibrary", "TrackerLibrary\TrackerLibrary.csproj", "{21F694A3-0334-453B-9EE4-64066F2957B8}"
EndProject
Project("{FAE04EC0-301F-11D3-BF4B-00C04F79EFBC}") = "TrackerUI", "TrackerUI\TrackerUI.csproj", "{9641C543-53A5-4482-A898-91411CBB74F5}"
EndProject
Global
	GlobalSection(SolutionConfigurationPlatforms) = preSolution
		Debug|Any CPU = Debug|Any CPU
		Release|Any CPU = Release|Any CPU
	EndGlobalSection
	GlobalSection(ProjectConfigurationPlatforms) = postSolution
		{21F694A3-0334-453B-9EE4-64066F2957B8}.Debug|Any CPU.ActiveCfg = Debug|Any CPU
		{21F694A3-0334-453B-9EE4-64066F2957B8}.Debug|Any CPU.Build.0 = Debug|Any CPU
		{21F694A3-0334-453B-9EE4-64066F2957B8}.Release|Any CPU.ActiveCfg = Release|Any CPU
		{21F694A3-0334-453B-9EE4-64066F2957B8}.Release|Any CPU.Build.0 = Release|Any CPU
		{9641C543-53A5-4482-A898-91411CBB74F5}.Debug|Any CPU.ActiveCfg = Debug|Any CPU
		{9641C543-53A5-4482-A898-91411CBB74F5}.Debug|Any CPU.Build.0 = Debug|Any CPU
		{9641C543-53A5-4482-A898-91411CBB74F5}.Release|Any CPU.ActiveCfg = Release|Any CPU
		{9641C543-53A5-4482-A898-91411CBB74F5}.Release|Any CPU.Build.0 = Release|Any CPU
	EndGlobalSection
	GlobalSection(SolutionProperties) = preSolution
		HideSolutionNode = FALSE
	EndGlobalSection
	GlobalSection(ExtensibilityGlobals) = postSolution
		SolutionGuid = {5F95F216-0117-4AE8-9D8A-DC2689D559BA}
	EndGlobalSection
EndGlobal
